
Microsoft Visual Studio Solution File, Format Version 12.00
# Visual Studio Version 17
VisualStudioVersion = 17.9.34607.119
MinimumVisualStudioVersion = 10.0.40219.1
Project("{FAE04EC0-301F-11D3-BF4B-00C04F79EFBC}") = "maximum-score-words-formed-by-letters", "maximum-score-words-formed-by-letters\maximum-score-words-formed-by-letters.csproj", "{B39EBCBE-47A1-40AC-B672-D765E2B8396C}"
EndProject
Global
	GlobalSection(SolutionConfigurationPlatforms) = preSolution
		Debug|Any CPU = Debug|Any CPU
		Release|Any CPU = Release|Any CPU
	EndGlobalSection
	GlobalSection(ProjectConfigurationPlatforms) = postSolution
		{B39EBCBE-47A1-40AC-B672-D765E2B8396C}.Debug|Any CPU.ActiveCfg = Debug|Any CPU
		{B39EBCBE-47A1-40AC-B672-D765E2B8396C}.Debug|Any CPU.Build.0 = Debug|Any CPU
		{B39EBCBE-47A1-40AC-B672-D765E2B8396C}.Release|Any CPU.ActiveCfg = Release|Any CPU
		{B39EBCBE-47A1-40AC-B672-D765E2B8396C}.Release|Any CPU.Build.0 = Release|Any CPU
	EndGlobalSection
	GlobalSection(SolutionProperties) = preSolution
		HideSolutionNode = FALSE
	EndGlobalSection
	GlobalSection(ExtensibilityGlobals) = postSolution
		SolutionGuid = {3C35BF95-A16C-4CEF-82A6-CAF903C1D608}
	EndGlobalSection
EndGlobal
